
Microsoft Visual Studio Solution File, Format Version 12.00
# Visual Studio Version 16
VisualStudioVersion = 16.0.31702.278
MinimumVisualStudioVersion = 10.0.40219.1
Project("{FAE04EC0-301F-11D3-BF4B-00C04F79EFBC}") = "apiwebwith.net5", "apiwebwith.net5\apiwebwith.net5.csproj", "{EFB3D87E-A673-4E0A-B217-F19AE8819D54}"
EndProject
Global
	GlobalSection(SolutionConfigurationPlatforms) = preSolution
		Debug|Any CPU = Debug|Any CPU
		Release|Any CPU = Release|Any CPU
	EndGlobalSection
	GlobalSection(ProjectConfigurationPlatforms) = postSolution
		{EFB3D87E-A673-4E0A-B217-F19AE8819D54}.Debug|Any CPU.ActiveCfg = Debug|Any CPU
		{EFB3D87E-A673-4E0A-B217-F19AE8819D54}.Debug|Any CPU.Build.0 = Debug|Any CPU
		{EFB3D87E-A673-4E0A-B217-F19AE8819D54}.Release|Any CPU.ActiveCfg = Release|Any CPU
		{EFB3D87E-A673-4E0A-B217-F19AE8819D54}.Release|Any CPU.Build.0 = Release|Any CPU
	EndGlobalSection
	GlobalSection(SolutionProperties) = preSolution
		HideSolutionNode = FALSE
	EndGlobalSection
	GlobalSection(ExtensibilityGlobals) = postSolution
		SolutionGuid = {13AA309A-FF7D-4B82-AC04-7F093374FA0C}
	EndGlobalSection
EndGlobal
